
Microsoft Visual Studio Solution File, Format Version 12.00
# Visual Studio Version 17
VisualStudioVersion = 17.7.34221.43
MinimumVisualStudioVersion = 10.0.40219.1
Project("{FAE04EC0-301F-11D3-BF4B-00C04F79EFBC}") = "DelegateLab", "DelegateLab\DelegateLab.csproj", "{3AAC232E-213D-46BC-BDBC-224E18AA4018}"
EndProject
Global
	GlobalSection(SolutionConfigurationPlatforms) = preSolution
		Debug|Any CPU = Debug|Any CPU
		Release|Any CPU = Release|Any CPU
	EndGlobalSection
	GlobalSection(ProjectConfigurationPlatforms) = postSolution
		{3AAC232E-213D-46BC-BDBC-224E18AA4018}.Debug|Any CPU.ActiveCfg = Debug|Any CPU
		{3AAC232E-213D-46BC-BDBC-224E18AA4018}.Debug|Any CPU.Build.0 = Debug|Any CPU
		{3AAC232E-213D-46BC-BDBC-224E18AA4018}.Release|Any CPU.ActiveCfg = Release|Any CPU
		{3AAC232E-213D-46BC-BDBC-224E18AA4018}.Release|Any CPU.Build.0 = Release|Any CPU
	EndGlobalSection
	GlobalSection(SolutionProperties) = preSolution
		HideSolutionNode = FALSE
	EndGlobalSection
	GlobalSection(ExtensibilityGlobals) = postSolution
		SolutionGuid = {B095F7AE-807F-4344-9F27-ADFB13C77C5B}
	EndGlobalSection
EndGlobal
