
Microsoft Visual Studio Solution File, Format Version 12.00
# Visual Studio Version 17
VisualStudioVersion = 17.7.34221.43
MinimumVisualStudioVersion = 10.0.40219.1
Project("{FAE04EC0-301F-11D3-BF4B-00C04F79EFBC}") = "singleInheritanceLab", "singleInheritanceLab\singleInheritanceLab.csproj", "{4F917F9E-40FC-4755-BFC0-289C5204D3FF}"
EndProject
Global
	GlobalSection(SolutionConfigurationPlatforms) = preSolution
		Debug|Any CPU = Debug|Any CPU
		Release|Any CPU = Release|Any CPU
	EndGlobalSection
	GlobalSection(ProjectConfigurationPlatforms) = postSolution
		{4F917F9E-40FC-4755-BFC0-289C5204D3FF}.Debug|Any CPU.ActiveCfg = Debug|Any CPU
		{4F917F9E-40FC-4755-BFC0-289C5204D3FF}.Debug|Any CPU.Build.0 = Debug|Any CPU
		{4F917F9E-40FC-4755-BFC0-289C5204D3FF}.Release|Any CPU.ActiveCfg = Release|Any CPU
		{4F917F9E-40FC-4755-BFC0-289C5204D3FF}.Release|Any CPU.Build.0 = Release|Any CPU
	EndGlobalSection
	GlobalSection(SolutionProperties) = preSolution
		HideSolutionNode = FALSE
	EndGlobalSection
	GlobalSection(ExtensibilityGlobals) = postSolution
		SolutionGuid = {8468CD8B-E4F1-4B93-83B0-A63169C98544}
	EndGlobalSection
EndGlobal
